
Microsoft Visual Studio Solution File, Format Version 12.00
# Visual Studio 14
VisualStudioVersion = 14.0.23107.0
MinimumVisualStudioVersion = 10.0.40219.1
Project("{159641D6-6404-4A2A-AE62-294DE0FE8301}") = "AWDataWarehouseRefresh", "AWDataWarehouseRefresh\AWDataWarehouseRefresh.dtproj", "{DA897125-9984-4AD3-9DFB-ABF8F905ED4A}"
EndProject
Global
	GlobalSection(SolutionConfigurationPlatforms) = preSolution
		Development|Default = Development|Default
	EndGlobalSection
	GlobalSection(ProjectConfigurationPlatforms) = postSolution
		{DA897125-9984-4AD3-9DFB-ABF8F905ED4A}.Development|Default.ActiveCfg = Development
		{DA897125-9984-4AD3-9DFB-ABF8F905ED4A}.Development|Default.Build.0 = Development
	EndGlobalSection
	GlobalSection(SolutionProperties) = preSolution
		HideSolutionNode = FALSE
	EndGlobalSection
EndGlobal
